
Microsoft Visual Studio Solution File, Format Version 12.00
# Visual Studio Version 17
VisualStudioVersion = 17.8.34511.84
MinimumVisualStudioVersion = 10.0.40219.1
Project("{FAE04EC0-301F-11D3-BF4B-00C04F79EFBC}") = "PaymentUsingSimpleFactory", "ProjectUsingSimpleFactory\PaymentUsingSimpleFactory.csproj", "{12FA2D29-47CD-4438-A48E-25C328AE8B56}"
EndProject
Global
	GlobalSection(SolutionConfigurationPlatforms) = preSolution
		Debug|Any CPU = Debug|Any CPU
		Release|Any CPU = Release|Any CPU
	EndGlobalSection
	GlobalSection(ProjectConfigurationPlatforms) = postSolution
		{12FA2D29-47CD-4438-A48E-25C328AE8B56}.Debug|Any CPU.ActiveCfg = Debug|Any CPU
		{12FA2D29-47CD-4438-A48E-25C328AE8B56}.Debug|Any CPU.Build.0 = Debug|Any CPU
		{12FA2D29-47CD-4438-A48E-25C328AE8B56}.Release|Any CPU.ActiveCfg = Release|Any CPU
		{12FA2D29-47CD-4438-A48E-25C328AE8B56}.Release|Any CPU.Build.0 = Release|Any CPU
	EndGlobalSection
	GlobalSection(SolutionProperties) = preSolution
		HideSolutionNode = FALSE
	EndGlobalSection
	GlobalSection(ExtensibilityGlobals) = postSolution
		SolutionGuid = {3B8FEC1F-02D0-46A1-A548-4608DC93324D}
	EndGlobalSection
EndGlobal
